// !$*UTF8*$!
{
	archiveVersion = 1;
	classes = {
	};
	objectVersion = 50;
	objects = {

/* Begin PBXBuildFile section */
		293E7099250FF8FC0077192C /* AppDelegate.swift in Sources */ = {isa = PBXBuildFile; fileRef = 293E7098250FF8FC0077192C /* AppDelegate.swift */; };
		293E709B250FF8FC0077192C /* SceneDelegate.swift in Sources */ = {isa = PBXBuildFile; fileRef = 293E709A250FF8FC0077192C /* SceneDelegate.swift */; };
		293E70A0250FF8FC0077192C /* Main.storyboard in Resources */ = {isa = PBXBuildFile; fileRef = 293E709E250FF8FC0077192C /* Main.storyboard */; };
		293E70A2250FF8FE0077192C /* Assets.xcassets in Resources */ = {isa = PBXBuildFile; fileRef = 293E70A1250FF8FE0077192C /* Assets.xcassets */; };
		293E70A5250FF8FE0077192C /* LaunchScreen.storyboard in Resources */ = {isa = PBXBuildFile; fileRef = 293E70A3250FF8FE0077192C /* LaunchScreen.storyboard */; };
		293E70B62510009B0077192C /* Card.swift in Sources */ = {isa = PBXBuildFile; fileRef = 293E70B52510009B0077192C /* Card.swift */; };
		293E70B8251000FA0077192C /* CardController.swift in Sources */ = {isa = PBXBuildFile; fileRef = 293E70B7251000FA0077192C /* CardController.swift */; };
		293E70BB251006900077192C /* CardCollectionViewCell.swift in Sources */ = {isa = PBXBuildFile; fileRef = 293E70BA251006900077192C /* CardCollectionViewCell.swift */; };
		293E70BD2510326E0077192C /* CardViewController.swift in Sources */ = {isa = PBXBuildFile; fileRef = 293E70BC2510326E0077192C /* CardViewController.swift */; };
/* End PBXBuildFile section */

/* Begin PBXFileReference section */
		293E7095250FF8FC0077192C /* MilestoneProject28-30.app */ = {isa = PBXFileReference; explicitFileType = wrapper.application; includeInIndex = 0; path = "MilestoneProject28-30.app"; sourceTree = BUILT_PRODUCTS_DIR; };
		293E7098250FF8FC0077192C /* AppDelegate.swift */ = {isa = PBXFileReference; lastKnownFileType = sourcecode.swift; path = AppDelegate.swift; sourceTree = "<group>"; };
		293E709A250FF8FC0077192C /* SceneDelegate.swift */ = {isa = PBXFileReference; lastKnownFileType = sourcecode.swift; path = SceneDelegate.swift; sourceTree = "<group>"; };
		293E709F250FF8FC0077192C /* Base */ = {isa = PBXFileReference; lastKnownFileType = file.storyboard; name = Base; path = Base.lproj/Main.storyboard; sourceTree = "<group>"; };
		293E70A1250FF8FE0077192C /* Assets.xcassets */ = {isa = PBXFileReference; lastKnownFileType = folder.assetcatalog; path = Assets.xcassets; sourceTree = "<group>"; };
		293E70A4250FF8FE0077192C /* Base */ = {isa = PBXFileReference; lastKnownFileType = file.storyboard; name = Base; path = Base.lproj/LaunchScreen.storyboard; sourceTree = "<group>"; };
		293E70A6250FF8FE0077192C /* Info.plist */ = {isa = PBXFileReference; lastKnownFileType = text.plist.xml; path = Info.plist; sourceTree = "<group>"; };
		293E70B52510009B0077192C /* Card.swift */ = {isa = PBXFileReference; lastKnownFileType = sourcecode.swift; path = Card.swift; sourceTree = "<group>"; };
		293E70B7251000FA0077192C /* CardController.swift */ = {isa = PBXFileReference; lastKnownFileType = sourcecode.swift; path = CardController.swift; sourceTree = "<group>"; };
		293E70BA251006900077192C /* CardCollectionViewCell.swift */ = {isa = PBXFileReference; lastKnownFileType = sourcecode.swift; path = CardCollectionViewCell.swift; sourceTree = "<group>"; };
		293E70BC2510326E0077192C /* CardViewController.swift */ = {isa = PBXFileReference; lastKnownFileType = sourcecode.swift; path = CardViewController.swift; sourceTree = "<group>"; };
/* End PBXFileReference section */

/* Begin PBXFrameworksBuildPhase section */
		293E7092250FF8FC0077192C /* Frameworks */ = {
			isa = PBXFrameworksBuildPhase;
			buildActionMask = 2147483647;
			files = (
			);
			runOnlyForDeploymentPostprocessing = 0;
		};
/* End PBXFrameworksBuildPhase section */

/* Begin PBXGroup section */
		293E708C250FF8FC0077192C = {
			isa = PBXGroup;
			children = (
				293E7097250FF8FC0077192C /* MilestoneProject28-30 */,
				293E7096250FF8FC0077192C /* Products */,
			);
			sourceTree = "<group>";
		};
		293E7096250FF8FC0077192C /* Products */ = {
			isa = PBXGroup;
			children = (
				293E7095250FF8FC0077192C /* MilestoneProject28-30.app */,
			);
			name = Products;
			sourceTree = "<group>";
		};
		293E7097250FF8FC0077192C /* MilestoneProject28-30 */ = {
			isa = PBXGroup;
			children = (
				293E70B9251006830077192C /* Views */,
				293E70B32510008D0077192C /* Model */,
				293E70AE250FFEC90077192C /* Controllers */,
				293E70AC250FFC9D0077192C /* Resources */,
				293E70AD250FFCB60077192C /* Storyboards */,
			);
			path = "MilestoneProject28-30";
			sourceTree = "<group>";
		};
		293E70AC250FFC9D0077192C /* Resources */ = {
			isa = PBXGroup;
			children = (
				293E7098250FF8FC0077192C /* AppDelegate.swift */,
				293E709A250FF8FC0077192C /* SceneDelegate.swift */,
				293E70A1250FF8FE0077192C /* Assets.xcassets */,
				293E70A6250FF8FE0077192C /* Info.plist */,
			);
			path = Resources;
			sourceTree = "<group>";
		};
		293E70AD250FFCB60077192C /* Storyboards */ = {
			isa = PBXGroup;
			children = (
				293E709E250FF8FC0077192C /* Main.storyboard */,
				293E70A3250FF8FE0077192C /* LaunchScreen.storyboard */,
			);
			path = Storyboards;
			sourceTree = "<group>";
		};
		293E70AE250FFEC90077192C /* Controllers */ = {
			isa = PBXGroup;
			children = (
				293E70B0250FFED10077192C /* ViewController */,
				293E70AF250FFECC0077192C /* ModelController */,
			);
			path = Controllers;
			sourceTree = "<group>";
		};
		293E70AF250FFECC0077192C /* ModelController */ = {
			isa = PBXGroup;
			children = (
				293E70B7251000FA0077192C /* CardController.swift */,
			);
			path = ModelController;
			sourceTree = "<group>";
		};
		293E70B0250FFED10077192C /* ViewController */ = {
			isa = PBXGroup;
			children = (
				293E70BC2510326E0077192C /* CardViewController.swift */,
			);
			path = ViewController;
			sourceTree = "<group>";
		};
		293E70B32510008D0077192C /* Model */ = {
			isa = PBXGroup;
			children = (
				293E70B52510009B0077192C /* Card.swift */,
			);
			path = Model;
			sourceTree = "<group>";
		};
		293E70B9251006830077192C /* Views */ = {
			isa = PBXGroup;
			children = (
				293E70BA251006900077192C /* CardCollectionViewCell.swift */,
			);
			path = Views;
			sourceTree = "<group>";
		};
/* End PBXGroup section */

/* Begin PBXNativeTarget section */
		293E7094250FF8FC0077192C /* MilestoneProject28-30 */ = {
			isa = PBXNativeTarget;
			buildConfigurationList = 293E70A9250FF8FE0077192C /* Build configuration list for PBXNativeTarget "MilestoneProject28-30" */;
			buildPhases = (
				293E7091250FF8FC0077192C /* Sources */,
				293E7092250FF8FC0077192C /* Frameworks */,
				293E7093250FF8FC0077192C /* Resources */,
			);
			buildRules = (
			);
			dependencies = (
			);
			name = "MilestoneProject28-30";
			productName = "MilestoneProject28-30";
			productReference = 293E7095250FF8FC0077192C /* MilestoneProject28-30.app */;
			productType = "com.apple.product-type.application";
		};
/* End PBXNativeTarget section */

/* Begin PBXProject section */
		293E708D250FF8FC0077192C /* Project object */ = {
			isa = PBXProject;
			attributes = {
				LastSwiftUpdateCheck = 1170;
				LastUpgradeCheck = 1170;
				ORGANIZATIONNAME = "Leonardo Diaz";
				TargetAttributes = {
					293E7094250FF8FC0077192C = {
						CreatedOnToolsVersion = 11.7;
					};
				};
			};
			buildConfigurationList = 293E7090250FF8FC0077192C /* Build configuration list for PBXProject "MilestoneProject28-30" */;
			compatibilityVersion = "Xcode 9.3";
			developmentRegion = en;
			hasScannedForEncodings = 0;
			knownRegions = (
				en,
				Base,
			);
			mainGroup = 293E708C250FF8FC0077192C;
			productRefGroup = 293E7096250FF8FC0077192C /* Products */;
			projectDirPath = "";
			projectRoot = "";
			targets = (
				293E7094250FF8FC0077192C /* MilestoneProject28-30 */,
			);
		};
/* End PBXProject section */

/* Begin PBXResourcesBuildPhase section */
		293E7093250FF8FC0077192C /* Resources */ = {
			isa = PBXResourcesBuildPhase;
			buildActionMask = 2147483647;
			files = (
				293E70A5250FF8FE0077192C /* LaunchScreen.storyboard in Resources */,
				293E70A2250FF8FE0077192C /* Assets.xcassets in Resources */,
				293E70A0250FF8FC0077192C /* Main.storyboard in Resources */,
			);
			runOnlyForDeploymentPostprocessing = 0;
		};
/* End PBXResourcesBuildPhase section */

/* Begin PBXSourcesBuildPhase section */
		293E7091250FF8FC0077192C /* Sources */ = {
			isa = PBXSourcesBuildPhase;
			buildActionMask = 2147483647;
			files = (
				293E70B8251000FA0077192C /* CardController.swift in Sources */,
				293E70BD2510326E0077192C /* CardViewController.swift in Sources */,
				293E7099250FF8FC0077192C /* AppDelegate.swift in Sources */,
				293E709B250FF8FC0077192C /* SceneDelegate.swift in Sources */,
				293E70BB251006900077192C /* CardCollectionViewCell.swift in Sources */,
				293E70B62510009B0077192C /* Card.swift in Sources */,
			);
			runOnlyForDeploymentPostprocessing = 0;
		};
/* End PBXSourcesBuildPhase section */

/* Begin PBXVariantGroup section */
		293E709E250FF8FC0077192C /* Main.storyboard */ = {
			isa = PBXVariantGroup;
			children = (
				293E709F250FF8FC0077192C /* Base */,
			);
			name = Main.storyboard;
			sourceTree = "<group>";
		};
		293E70A3250FF8FE0077192C /* LaunchScreen.storyboard */ = {
			isa = PBXVariantGroup;
			children = (
				293E70A4250FF8FE0077192C /* Base */,
			);
			name = LaunchScreen.storyboard;
			sourceTree = "<group>";
		};
/* End PBXVariantGroup section */

/* Begin XCBuildConfiguration section */
		293E70A7250FF8FE0077192C /* Debug */ = {
			isa = XCBuildConfiguration;
			buildSettings = {
				ALWAYS_SEARCH_USER_PATHS = NO;
				CLANG_ANALYZER_NONNULL = YES;
				CLANG_ANALYZER_NUMBER_OBJECT_CONVERSION = YES_AGGRESSIVE;
				CLANG_CXX_LANGUAGE_STANDARD = "gnu++14";
				CLANG_CXX_LIBRARY = "libc++";
				CLANG_ENABLE_MODULES = YES;
				CLANG_ENABLE_OBJC_ARC = YES;
				CLANG_ENABLE_OBJC_WEAK = YES;
				CLANG_WARN_BLOCK_CAPTURE_AUTORELEASING = YES;
				CLANG_WARN_BOOL_CONVERSION = YES;
				CLANG_WARN_COMMA = YES;
				CLANG_WARN_CONSTANT_CONVERSION = YES;
				CLANG_WARN_DEPRECATED_OBJC_IMPLEMENTATIONS = YES;
				CLANG_WARN_DIRECT_OBJC_ISA_USAGE = YES_ERROR;
				CLANG_WARN_DOCUMENTATION_COMMENTS = YES;
				CLANG_WARN_EMPTY_BODY = YES;
				CLANG_WARN_ENUM_CONVERSION = YES;
				CLANG_WARN_INFINITE_RECURSION = YES;
				CLANG_WARN_INT_CONVERSION = YES;
				CLANG_WARN_NON_LITERAL_NULL_CONVERSION = YES;
				CLANG_WARN_OBJC_IMPLICIT_RETAIN_SELF = YES;
				CLANG_WARN_OBJC_LITERAL_CONVERSION = YES;
				CLANG_WARN_OBJC_ROOT_CLASS = YES_ERROR;
				CLANG_WARN_RANGE_LOOP_ANALYSIS = YES;
				CLANG_WARN_STRICT_PROTOTYPES = YES;
				CLANG_WARN_SUSPICIOUS_MOVE = YES;
				CLANG_WARN_UNGUARDED_AVAILABILITY = YES_AGGRESSIVE;
				CLANG_WARN_UNREACHABLE_CODE = YES;
				CLANG_WARN__DUPLICATE_METHOD_MATCH = YES;
				COPY_PHASE_STRIP = NO;
				DEBUG_INFORMATION_FORMAT = dwarf;
				ENABLE_STRICT_OBJC_MSGSEND = YES;
				ENABLE_TESTABILITY = YES;
				GCC_C_LANGUAGE_STANDARD = gnu11;
				GCC_DYNAMIC_NO_PIC = NO;
				GCC_NO_COMMON_BLOCKS = YES;
				GCC_OPTIMIZATION_LEVEL = 0;
				GCC_PREPROCESSOR_DEFINITIONS = (
					"DEBUG=1",
					"$(inherited)",
				);
				GCC_WARN_64_TO_32_BIT_CONVERSION = YES;
				GCC_WARN_ABOUT_RETURN_TYPE = YES_ERROR;
				GCC_WARN_UNDECLARED_SELECTOR = YES;
				GCC_WARN_UNINITIALIZED_AUTOS = YES_AGGRESSIVE;
				GCC_WARN_UNUSED_FUNCTION = YES;
				GCC_WARN_UNUSED_VARIABLE = YES;
				IPHONEOS_DEPLOYMENT_TARGET = 13.7;
				MTL_ENABLE_DEBUG_INFO = INCLUDE_SOURCE;
				MTL_FAST_MATH = YES;
				ONLY_ACTIVE_ARCH = YES;
				SDKROOT = iphoneos;
				SWIFT_ACTIVE_COMPILATION_CONDITIONS = DEBUG;
				SWIFT_OPTIMIZATION_LEVEL = "-Onone";
			};
			name = Debug;
		};
		293E70A8250FF8FE0077192C /* Release */ = {
			isa = XCBuildConfiguration;
			buildSettings = {
				ALWAYS_SEARCH_USER_PATHS = NO;
				CLANG_ANALYZER_NONNULL = YES;
				CLANG_ANALYZER_NUMBER_OBJECT_CONVERSION = YES_AGGRESSIVE;
				CLANG_CXX_LANGUAGE_STANDARD = "gnu++14";
				CLANG_CXX_LIBRARY = "libc++";
				CLANG_ENABLE_MODULES = YES;
				CLANG_ENABLE_OBJC_ARC = YES;
				CLANG_ENABLE_OBJC_WEAK = YES;
				CLANG_WARN_BLOCK_CAPTURE_AUTORELEASING = YES;
				CLANG_WARN_BOOL_CONVERSION = YES;
				CLANG_WARN_COMMA = YES;
				CLANG_WARN_CONSTANT_CONVERSION = YES;
				CLANG_WARN_DEPRECATED_OBJC_IMPLEMENTATIONS = YES;
				CLANG_WARN_DIRECT_OBJC_ISA_USAGE = YES_ERROR;
				CLANG_WARN_DOCUMENTATION_COMMENTS = YES;
				CLANG_WARN_EMPTY_BODY = YES;
				CLANG_WARN_ENUM_CONVERSION = YES;
				CLANG_WARN_INFINITE_RECURSION = YES;
				CLANG_WARN_INT_CONVERSION = YES;
				CLANG_WARN_NON_LITERAL_NULL_CONVERSION = YES;
				CLANG_WARN_OBJC_IMPLICIT_RETAIN_SELF = YES;
				CLANG_WARN_OBJC_LITERAL_CONVERSION = YES;
				CLANG_WARN_OBJC_ROOT_CLASS = YES_ERROR;
				CLANG_WARN_RANGE_LOOP_ANALYSIS = YES;
				CLANG_WARN_STRICT_PROTOTYPES = YES;
				CLANG_WARN_SUSPICIOUS_MOVE = YES;
				CLANG_WARN_UNGUARDED_AVAILABILITY = YES_AGGRESSIVE;
				CLANG_WARN_UNREACHABLE_CODE = YES;
				CLANG_WARN__DUPLICATE_METHOD_MATCH = YES;
				COPY_PHASE_STRIP = NO;
				DEBUG_INFORMATION_FORMAT = "dwarf-with-dsym";
				ENABLE_NS_ASSERTIONS = NO;
				ENABLE_STRICT_OBJC_MSGSEND = YES;
				GCC_C_LANGUAGE_STANDARD = gnu11;
				GCC_NO_COMMON_BLOCKS = YES;
				GCC_WARN_64_TO_32_BIT_CONVERSION = YES;
				GCC_WARN_ABOUT_RETURN_TYPE = YES_ERROR;
				GCC_WARN_UNDECLARED_SELECTOR = YES;
				GCC_WARN_UNINITIALIZED_AUTOS = YES_AGGRESSIVE;
				GCC_WARN_UNUSED_FUNCTION = YES;
				GCC_WARN_UNUSED_VARIABLE = YES;
				IPHONEOS_DEPLOYMENT_TARGET = 13.7;
				MTL_ENABLE_DEBUG_INFO = NO;
				MTL_FAST_MATH = YES;
				SDKROOT = iphoneos;
				SWIFT_COMPILATION_MODE = wholemodule;
				SWIFT_OPTIMIZATION_LEVEL = "-O";
				VALIDATE_PRODUCT = YES;
			};
			name = Release;
		};
		293E70AA250FF8FE0077192C /* Debug */ = {
			isa = XCBuildConfiguration;
			buildSettings = {
				ASSETCATALOG_COMPILER_APPICON_NAME = AppIcon;
				CODE_SIGN_STYLE = Automatic;
				INFOPLIST_FILE = "MilestoneProject28-30/Resources/Info.plist";
				LD_RUNPATH_SEARCH_PATHS = (
					"$(inherited)",
					"@executable_path/Frameworks",
				);
				PRODUCT_BUNDLE_IDENTIFIER = "com.leonardo.MilestoneProject28-30";
				PRODUCT_NAME = "$(TARGET_NAME)";
				SWIFT_VERSION = 5.0;
				TARGETED_DEVICE_FAMILY = 2;
			};
			name = Debug;
		};
		293E70AB250FF8FE0077192C /* Release */ = {
			isa = XCBuildConfiguration;
			buildSettings = {
				ASSETCATALOG_COMPILER_APPICON_NAME = AppIcon;
				CODE_SIGN_STYLE = Automatic;
				INFOPLIST_FILE = "MilestoneProject28-30/Resources/Info.plist";
				LD_RUNPATH_SEARCH_PATHS = (
					"$(inherited)",
					"@executable_path/Frameworks",
				);
				PRODUCT_BUNDLE_IDENTIFIER = "com.leonardo.MilestoneProject28-30";
				PRODUCT_NAME = "$(TARGET_NAME)";
				SWIFT_VERSION = 5.0;
				TARGETED_DEVICE_FAMILY = 2;
			};
			name = Release;
		};
/* End XCBuildConfiguration section */

/* Begin XCConfigurationList section */
		293E7090250FF8FC0077192C /* Build configuration list for PBXProject "MilestoneProject28-30" */ = {
			isa = XCConfigurationList;
			buildConfigurations = (
				293E70A7250FF8FE0077192C /* Debug */,
				293E70A8250FF8FE0077192C /* Release */,
			);
			defaultConfigurationIsVisible = 0;
			defaultConfigurationName = Release;
		};
		293E70A9250FF8FE0077192C /* Build configuration list for PBXNativeTarget "MilestoneProject28-30" */ = {
			isa = XCConfigurationList;
			buildConfigurations = (
				293E70AA250FF8FE0077192C /* Debug */,
				293E70AB250FF8FE0077192C /* Release */,
			);
			defaultConfigurationIsVisible = 0;
			defaultConfigurationName = Release;
		};
/* End XCConfigurationList section */
	};
	rootObject = 293E708D250FF8FC0077192C /* Project object */;
}
