// !$*UTF8*$!
{
	archiveVersion = 1;
	classes = {
	};
	objectVersion = 50;
	objects = {

/* Begin PBXBuildFile section */
		29453E5924F6DB4B00356268 /* AppDelegate.swift in Sources */ = {isa = PBXBuildFile; fileRef = 29453E5824F6DB4B00356268 /* AppDelegate.swift */; };
		29453E5B24F6DB4B00356268 /* SceneDelegate.swift in Sources */ = {isa = PBXBuildFile; fileRef = 29453E5A24F6DB4B00356268 /* SceneDelegate.swift */; };
		29453E5D24F6DB4B00356268 /* ViewController.swift in Sources */ = {isa = PBXBuildFile; fileRef = 29453E5C24F6DB4B00356268 /* ViewController.swift */; };
		29453E6024F6DB4B00356268 /* Main.storyboard in Resources */ = {isa = PBXBuildFile; fileRef = 29453E5E24F6DB4B00356268 /* Main.storyboard */; };
		29453E6224F6DB4C00356268 /* Assets.xcassets in Resources */ = {isa = PBXBuildFile; fileRef = 29453E6124F6DB4C00356268 /* Assets.xcassets */; };
		29453E6524F6DB4C00356268 /* LaunchScreen.storyboard in Resources */ = {isa = PBXBuildFile; fileRef = 29453E6324F6DB4C00356268 /* LaunchScreen.storyboard */; };
/* End PBXBuildFile section */

/* Begin PBXFileReference section */
		29453E5524F6DB4B00356268 /* MilestoneProject25-27.app */ = {isa = PBXFileReference; explicitFileType = wrapper.application; includeInIndex = 0; path = "MilestoneProject25-27.app"; sourceTree = BUILT_PRODUCTS_DIR; };
		29453E5824F6DB4B00356268 /* AppDelegate.swift */ = {isa = PBXFileReference; lastKnownFileType = sourcecode.swift; path = AppDelegate.swift; sourceTree = "<group>"; };
		29453E5A24F6DB4B00356268 /* SceneDelegate.swift */ = {isa = PBXFileReference; lastKnownFileType = sourcecode.swift; path = SceneDelegate.swift; sourceTree = "<group>"; };
		29453E5C24F6DB4B00356268 /* ViewController.swift */ = {isa = PBXFileReference; lastKnownFileType = sourcecode.swift; path = ViewController.swift; sourceTree = "<group>"; };
		29453E5F24F6DB4B00356268 /* Base */ = {isa = PBXFileReference; lastKnownFileType = file.storyboard; name = Base; path = Base.lproj/Main.storyboard; sourceTree = "<group>"; };
		29453E6124F6DB4C00356268 /* Assets.xcassets */ = {isa = PBXFileReference; lastKnownFileType = folder.assetcatalog; path = Assets.xcassets; sourceTree = "<group>"; };
		29453E6424F6DB4C00356268 /* Base */ = {isa = PBXFileReference; lastKnownFileType = file.storyboard; name = Base; path = Base.lproj/LaunchScreen.storyboard; sourceTree = "<group>"; };
		29453E6624F6DB4C00356268 /* Info.plist */ = {isa = PBXFileReference; lastKnownFileType = text.plist.xml; path = Info.plist; sourceTree = "<group>"; };
/* End PBXFileReference section */

/* Begin PBXFrameworksBuildPhase section */
		29453E5224F6DB4A00356268 /* Frameworks */ = {
			isa = PBXFrameworksBuildPhase;
			buildActionMask = 2147483647;
			files = (
			);
			runOnlyForDeploymentPostprocessing = 0;
		};
/* End PBXFrameworksBuildPhase section */

/* Begin PBXGroup section */
		29453E4C24F6DB4A00356268 = {
			isa = PBXGroup;
			children = (
				29453E5724F6DB4B00356268 /* MilestoneProject25-27 */,
				29453E5624F6DB4B00356268 /* Products */,
			);
			sourceTree = "<group>";
		};
		29453E5624F6DB4B00356268 /* Products */ = {
			isa = PBXGroup;
			children = (
				29453E5524F6DB4B00356268 /* MilestoneProject25-27.app */,
			);
			name = Products;
			sourceTree = "<group>";
		};
		29453E5724F6DB4B00356268 /* MilestoneProject25-27 */ = {
			isa = PBXGroup;
			children = (
				29453E5824F6DB4B00356268 /* AppDelegate.swift */,
				29453E5A24F6DB4B00356268 /* SceneDelegate.swift */,
				29453E5C24F6DB4B00356268 /* ViewController.swift */,
				29453E5E24F6DB4B00356268 /* Main.storyboard */,
				29453E6124F6DB4C00356268 /* Assets.xcassets */,
				29453E6324F6DB4C00356268 /* LaunchScreen.storyboard */,
				29453E6624F6DB4C00356268 /* Info.plist */,
			);
			path = "MilestoneProject25-27";
			sourceTree = "<group>";
		};
/* End PBXGroup section */

/* Begin PBXNativeTarget section */
		29453E5424F6DB4A00356268 /* MilestoneProject25-27 */ = {
			isa = PBXNativeTarget;
			buildConfigurationList = 29453E6924F6DB4C00356268 /* Build configuration list for PBXNativeTarget "MilestoneProject25-27" */;
			buildPhases = (
				29453E5124F6DB4A00356268 /* Sources */,
				29453E5224F6DB4A00356268 /* Frameworks */,
				29453E5324F6DB4A00356268 /* Resources */,
			);
			buildRules = (
			);
			dependencies = (
			);
			name = "MilestoneProject25-27";
			productName = "MilestoneProject25-27";
			productReference = 29453E5524F6DB4B00356268 /* MilestoneProject25-27.app */;
			productType = "com.apple.product-type.application";
		};
/* End PBXNativeTarget section */

/* Begin PBXProject section */
		29453E4D24F6DB4A00356268 /* Project object */ = {
			isa = PBXProject;
			attributes = {
				LastSwiftUpdateCheck = 1160;
				LastUpgradeCheck = 1160;
				ORGANIZATIONNAME = "Leonardo Diaz";
				TargetAttributes = {
					29453E5424F6DB4A00356268 = {
						CreatedOnToolsVersion = 11.6;
					};
				};
			};
			buildConfigurationList = 29453E5024F6DB4A00356268 /* Build configuration list for PBXProject "MilestoneProject25-27" */;
			compatibilityVersion = "Xcode 9.3";
			developmentRegion = en;
			hasScannedForEncodings = 0;
			knownRegions = (
				en,
				Base,
			);
			mainGroup = 29453E4C24F6DB4A00356268;
			productRefGroup = 29453E5624F6DB4B00356268 /* Products */;
			projectDirPath = "";
			projectRoot = "";
			targets = (
				29453E5424F6DB4A00356268 /* MilestoneProject25-27 */,
			);
		};
/* End PBXProject section */

/* Begin PBXResourcesBuildPhase section */
		29453E5324F6DB4A00356268 /* Resources */ = {
			isa = PBXResourcesBuildPhase;
			buildActionMask = 2147483647;
			files = (
				29453E6524F6DB4C00356268 /* LaunchScreen.storyboard in Resources */,
				29453E6224F6DB4C00356268 /* Assets.xcassets in Resources */,
				29453E6024F6DB4B00356268 /* Main.storyboard in Resources */,
			);
			runOnlyForDeploymentPostprocessing = 0;
		};
/* End PBXResourcesBuildPhase section */

/* Begin PBXSourcesBuildPhase section */
		29453E5124F6DB4A00356268 /* Sources */ = {
			isa = PBXSourcesBuildPhase;
			buildActionMask = 2147483647;
			files = (
				29453E5D24F6DB4B00356268 /* ViewController.swift in Sources */,
				29453E5924F6DB4B00356268 /* AppDelegate.swift in Sources */,
				29453E5B24F6DB4B00356268 /* SceneDelegate.swift in Sources */,
			);
			runOnlyForDeploymentPostprocessing = 0;
		};
/* End PBXSourcesBuildPhase section */

/* Begin PBXVariantGroup section */
		29453E5E24F6DB4B00356268 /* Main.storyboard */ = {
			isa = PBXVariantGroup;
			children = (
				29453E5F24F6DB4B00356268 /* Base */,
			);
			name = Main.storyboard;
			sourceTree = "<group>";
		};
		29453E6324F6DB4C00356268 /* LaunchScreen.storyboard */ = {
			isa = PBXVariantGroup;
			children = (
				29453E6424F6DB4C00356268 /* Base */,
			);
			name = LaunchScreen.storyboard;
			sourceTree = "<group>";
		};
/* End PBXVariantGroup section */

/* Begin XCBuildConfiguration section */
		29453E6724F6DB4C00356268 /* Debug */ = {
			isa = XCBuildConfiguration;
			buildSettings = {
				ALWAYS_SEARCH_USER_PATHS = NO;
				CLANG_ANALYZER_NONNULL = YES;
				CLANG_ANALYZER_NUMBER_OBJECT_CONVERSION = YES_AGGRESSIVE;
				CLANG_CXX_LANGUAGE_STANDARD = "gnu++14";
				CLANG_CXX_LIBRARY = "libc++";
				CLANG_ENABLE_MODULES = YES;
				CLANG_ENABLE_OBJC_ARC = YES;
				CLANG_ENABLE_OBJC_WEAK = YES;
				CLANG_WARN_BLOCK_CAPTURE_AUTORELEASING = YES;
				CLANG_WARN_BOOL_CONVERSION = YES;
				CLANG_WARN_COMMA = YES;
				CLANG_WARN_CONSTANT_CONVERSION = YES;
				CLANG_WARN_DEPRECATED_OBJC_IMPLEMENTATIONS = YES;
				CLANG_WARN_DIRECT_OBJC_ISA_USAGE = YES_ERROR;
				CLANG_WARN_DOCUMENTATION_COMMENTS = YES;
				CLANG_WARN_EMPTY_BODY = YES;
				CLANG_WARN_ENUM_CONVERSION = YES;
				CLANG_WARN_INFINITE_RECURSION = YES;
				CLANG_WARN_INT_CONVERSION = YES;
				CLANG_WARN_NON_LITERAL_NULL_CONVERSION = YES;
				CLANG_WARN_OBJC_IMPLICIT_RETAIN_SELF = YES;
				CLANG_WARN_OBJC_LITERAL_CONVERSION = YES;
				CLANG_WARN_OBJC_ROOT_CLASS = YES_ERROR;
				CLANG_WARN_RANGE_LOOP_ANALYSIS = YES;
				CLANG_WARN_STRICT_PROTOTYPES = YES;
				CLANG_WARN_SUSPICIOUS_MOVE = YES;
				CLANG_WARN_UNGUARDED_AVAILABILITY = YES_AGGRESSIVE;
				CLANG_WARN_UNREACHABLE_CODE = YES;
				CLANG_WARN__DUPLICATE_METHOD_MATCH = YES;
				COPY_PHASE_STRIP = NO;
				DEBUG_INFORMATION_FORMAT = dwarf;
				ENABLE_STRICT_OBJC_MSGSEND = YES;
				ENABLE_TESTABILITY = YES;
				GCC_C_LANGUAGE_STANDARD = gnu11;
				GCC_DYNAMIC_NO_PIC = NO;
				GCC_NO_COMMON_BLOCKS = YES;
				GCC_OPTIMIZATION_LEVEL = 0;
				GCC_PREPROCESSOR_DEFINITIONS = (
					"DEBUG=1",
					"$(inherited)",
				);
				GCC_WARN_64_TO_32_BIT_CONVERSION = YES;
				GCC_WARN_ABOUT_RETURN_TYPE = YES_ERROR;
				GCC_WARN_UNDECLARED_SELECTOR = YES;
				GCC_WARN_UNINITIALIZED_AUTOS = YES_AGGRESSIVE;
				GCC_WARN_UNUSED_FUNCTION = YES;
				GCC_WARN_UNUSED_VARIABLE = YES;
				IPHONEOS_DEPLOYMENT_TARGET = 13.6;
				MTL_ENABLE_DEBUG_INFO = INCLUDE_SOURCE;
				MTL_FAST_MATH = YES;
				ONLY_ACTIVE_ARCH = YES;
				SDKROOT = iphoneos;
				SWIFT_ACTIVE_COMPILATION_CONDITIONS = DEBUG;
				SWIFT_OPTIMIZATION_LEVEL = "-Onone";
			};
			name = Debug;
		};
		29453E6824F6DB4C00356268 /* Release */ = {
			isa = XCBuildConfiguration;
			buildSettings = {
				ALWAYS_SEARCH_USER_PATHS = NO;
				CLANG_ANALYZER_NONNULL = YES;
				CLANG_ANALYZER_NUMBER_OBJECT_CONVERSION = YES_AGGRESSIVE;
				CLANG_CXX_LANGUAGE_STANDARD = "gnu++14";
				CLANG_CXX_LIBRARY = "libc++";
				CLANG_ENABLE_MODULES = YES;
				CLANG_ENABLE_OBJC_ARC = YES;
				CLANG_ENABLE_OBJC_WEAK = YES;
				CLANG_WARN_BLOCK_CAPTURE_AUTORELEASING = YES;
				CLANG_WARN_BOOL_CONVERSION = YES;
				CLANG_WARN_COMMA = YES;
				CLANG_WARN_CONSTANT_CONVERSION = YES;
				CLANG_WARN_DEPRECATED_OBJC_IMPLEMENTATIONS = YES;
				CLANG_WARN_DIRECT_OBJC_ISA_USAGE = YES_ERROR;
				CLANG_WARN_DOCUMENTATION_COMMENTS = YES;
				CLANG_WARN_EMPTY_BODY = YES;
				CLANG_WARN_ENUM_CONVERSION = YES;
				CLANG_WARN_INFINITE_RECURSION = YES;
				CLANG_WARN_INT_CONVERSION = YES;
				CLANG_WARN_NON_LITERAL_NULL_CONVERSION = YES;
				CLANG_WARN_OBJC_IMPLICIT_RETAIN_SELF = YES;
				CLANG_WARN_OBJC_LITERAL_CONVERSION = YES;
				CLANG_WARN_OBJC_ROOT_CLASS = YES_ERROR;
				CLANG_WARN_RANGE_LOOP_ANALYSIS = YES;
				CLANG_WARN_STRICT_PROTOTYPES = YES;
				CLANG_WARN_SUSPICIOUS_MOVE = YES;
				CLANG_WARN_UNGUARDED_AVAILABILITY = YES_AGGRESSIVE;
				CLANG_WARN_UNREACHABLE_CODE = YES;
				CLANG_WARN__DUPLICATE_METHOD_MATCH = YES;
				COPY_PHASE_STRIP = NO;
				DEBUG_INFORMATION_FORMAT = "dwarf-with-dsym";
				ENABLE_NS_ASSERTIONS = NO;
				ENABLE_STRICT_OBJC_MSGSEND = YES;
				GCC_C_LANGUAGE_STANDARD = gnu11;
				GCC_NO_COMMON_BLOCKS = YES;
				GCC_WARN_64_TO_32_BIT_CONVERSION = YES;
				GCC_WARN_ABOUT_RETURN_TYPE = YES_ERROR;
				GCC_WARN_UNDECLARED_SELECTOR = YES;
				GCC_WARN_UNINITIALIZED_AUTOS = YES_AGGRESSIVE;
				GCC_WARN_UNUSED_FUNCTION = YES;
				GCC_WARN_UNUSED_VARIABLE = YES;
				IPHONEOS_DEPLOYMENT_TARGET = 13.6;
				MTL_ENABLE_DEBUG_INFO = NO;
				MTL_FAST_MATH = YES;
				SDKROOT = iphoneos;
				SWIFT_COMPILATION_MODE = wholemodule;
				SWIFT_OPTIMIZATION_LEVEL = "-O";
				VALIDATE_PRODUCT = YES;
			};
			name = Release;
		};
		29453E6A24F6DB4C00356268 /* Debug */ = {
			isa = XCBuildConfiguration;
			buildSettings = {
				ASSETCATALOG_COMPILER_APPICON_NAME = AppIcon;
				CODE_SIGN_STYLE = Automatic;
				INFOPLIST_FILE = "MilestoneProject25-27/Info.plist";
				LD_RUNPATH_SEARCH_PATHS = (
					"$(inherited)",
					"@executable_path/Frameworks",
				);
				PRODUCT_BUNDLE_IDENTIFIER = "com.leonardo.MilestoneProject25-27";
				PRODUCT_NAME = "$(TARGET_NAME)";
				SWIFT_VERSION = 5.0;
				TARGETED_DEVICE_FAMILY = "1,2";
			};
			name = Debug;
		};
		29453E6B24F6DB4C00356268 /* Release */ = {
			isa = XCBuildConfiguration;
			buildSettings = {
				ASSETCATALOG_COMPILER_APPICON_NAME = AppIcon;
				CODE_SIGN_STYLE = Automatic;
				INFOPLIST_FILE = "MilestoneProject25-27/Info.plist";
				LD_RUNPATH_SEARCH_PATHS = (
					"$(inherited)",
					"@executable_path/Frameworks",
				);
				PRODUCT_BUNDLE_IDENTIFIER = "com.leonardo.MilestoneProject25-27";
				PRODUCT_NAME = "$(TARGET_NAME)";
				SWIFT_VERSION = 5.0;
				TARGETED_DEVICE_FAMILY = "1,2";
			};
			name = Release;
		};
/* End XCBuildConfiguration section */

/* Begin XCConfigurationList section */
		29453E5024F6DB4A00356268 /* Build configuration list for PBXProject "MilestoneProject25-27" */ = {
			isa = XCConfigurationList;
			buildConfigurations = (
				29453E6724F6DB4C00356268 /* Debug */,
				29453E6824F6DB4C00356268 /* Release */,
			);
			defaultConfigurationIsVisible = 0;
			defaultConfigurationName = Release;
		};
		29453E6924F6DB4C00356268 /* Build configuration list for PBXNativeTarget "MilestoneProject25-27" */ = {
			isa = XCConfigurationList;
			buildConfigurations = (
				29453E6A24F6DB4C00356268 /* Debug */,
				29453E6B24F6DB4C00356268 /* Release */,
			);
			defaultConfigurationIsVisible = 0;
			defaultConfigurationName = Release;
		};
/* End XCConfigurationList section */
	};
	rootObject = 29453E4D24F6DB4A00356268 /* Project object */;
}
